
Microsoft Visual Studio Solution File, Format Version 12.00
# Visual Studio Version 17
VisualStudioVersion = 17.5.33627.172
MinimumVisualStudioVersion = 10.0.40219.1
Project("{9A19103F-16F7-4668-BE54-9A1E7A4F7556}") = "UI", "UI\UI.csproj", "{ECE798A0-4CD7-483F-AB09-3D8A54D6F3A9}"
EndProject
Project("{9A19103F-16F7-4668-BE54-9A1E7A4F7556}") = "Model", "Model\Model.csproj", "{EAFDCBF1-4EF8-4F8D-AFD4-3799D053A4DE}"
EndProject
Project("{9A19103F-16F7-4668-BE54-9A1E7A4F7556}") = "Data", "Data\Data.csproj", "{32B38255-7C01-42B5-BCF4-16782D0F0E33}"
EndProject
Project("{2150E333-8FDC-42A3-9474-1A3956D46DE8}") = "Solution Items", "Solution Items", "{4E16D568-42FA-474A-9E98-9F3DDCE8208A}"
	ProjectSection(SolutionItems) = preProject
		.editorconfig = .editorconfig
	EndProjectSection
EndProject
Project("{FAE04EC0-301F-11D3-BF4B-00C04F79EFBC}") = "Core", "Core\Core.csproj", "{2970C1AE-73E8-470E-B4E5-E99E73DFE658}"
EndProject
Global
	GlobalSection(SolutionConfigurationPlatforms) = preSolution
		Debug|Any CPU = Debug|Any CPU
		Release|Any CPU = Release|Any CPU
	EndGlobalSection
	GlobalSection(ProjectConfigurationPlatforms) = postSolution
		{ECE798A0-4CD7-483F-AB09-3D8A54D6F3A9}.Debug|Any CPU.ActiveCfg = Debug|Any CPU
		{ECE798A0-4CD7-483F-AB09-3D8A54D6F3A9}.Debug|Any CPU.Build.0 = Debug|Any CPU
		{ECE798A0-4CD7-483F-AB09-3D8A54D6F3A9}.Release|Any CPU.ActiveCfg = Release|Any CPU
		{ECE798A0-4CD7-483F-AB09-3D8A54D6F3A9}.Release|Any CPU.Build.0 = Release|Any CPU
		{EAFDCBF1-4EF8-4F8D-AFD4-3799D053A4DE}.Debug|Any CPU.ActiveCfg = Debug|Any CPU
		{EAFDCBF1-4EF8-4F8D-AFD4-3799D053A4DE}.Debug|Any CPU.Build.0 = Debug|Any CPU
		{EAFDCBF1-4EF8-4F8D-AFD4-3799D053A4DE}.Release|Any CPU.ActiveCfg = Release|Any CPU
		{EAFDCBF1-4EF8-4F8D-AFD4-3799D053A4DE}.Release|Any CPU.Build.0 = Release|Any CPU
		{32B38255-7C01-42B5-BCF4-16782D0F0E33}.Debug|Any CPU.ActiveCfg = Debug|Any CPU
		{32B38255-7C01-42B5-BCF4-16782D0F0E33}.Debug|Any CPU.Build.0 = Debug|Any CPU
		{32B38255-7C01-42B5-BCF4-16782D0F0E33}.Release|Any CPU.ActiveCfg = Release|Any CPU
		{32B38255-7C01-42B5-BCF4-16782D0F0E33}.Release|Any CPU.Build.0 = Release|Any CPU
		{2970C1AE-73E8-470E-B4E5-E99E73DFE658}.Debug|Any CPU.ActiveCfg = Debug|Any CPU
		{2970C1AE-73E8-470E-B4E5-E99E73DFE658}.Debug|Any CPU.Build.0 = Debug|Any CPU
		{2970C1AE-73E8-470E-B4E5-E99E73DFE658}.Release|Any CPU.ActiveCfg = Release|Any CPU
		{2970C1AE-73E8-470E-B4E5-E99E73DFE658}.Release|Any CPU.Build.0 = Release|Any CPU
	EndGlobalSection
	GlobalSection(SolutionProperties) = preSolution
		HideSolutionNode = FALSE
	EndGlobalSection
	GlobalSection(ExtensibilityGlobals) = postSolution
		SolutionGuid = {F29DA218-8366-471E-A575-6591BEFC402D}
	EndGlobalSection
EndGlobal
